// !$*UTF8*$!
{
	archiveVersion = 1;
	classes = {
	};
	objectVersion = 50;
	objects = {

/* Begin PBXBuildFile section */
		5D0D65FC24AEE83F00F2A487 /* AppDelegate.swift in Sources */ = {isa = PBXBuildFile; fileRef = 5D0D65FB24AEE83F00F2A487 /* AppDelegate.swift */; };
		5D0D65FE24AEE83F00F2A487 /* SceneDelegate.swift in Sources */ = {isa = PBXBuildFile; fileRef = 5D0D65FD24AEE83F00F2A487 /* SceneDelegate.swift */; };
		5D0D660124AEE83F00F2A487 /* swiftuiTest.xcdatamodeld in Sources */ = {isa = PBXBuildFile; fileRef = 5D0D65FF24AEE83F00F2A487 /* swiftuiTest.xcdatamodeld */; };
		5D0D660324AEE83F00F2A487 /* ContentView.swift in Sources */ = {isa = PBXBuildFile; fileRef = 5D0D660224AEE83F00F2A487 /* ContentView.swift */; };
		5D0D660524AEE84200F2A487 /* Assets.xcassets in Resources */ = {isa = PBXBuildFile; fileRef = 5D0D660424AEE84200F2A487 /* Assets.xcassets */; };
		5D0D660824AEE84200F2A487 /* Preview Assets.xcassets in Resources */ = {isa = PBXBuildFile; fileRef = 5D0D660724AEE84200F2A487 /* Preview Assets.xcassets */; };
		5D0D660B24AEE84200F2A487 /* LaunchScreen.storyboard in Resources */ = {isa = PBXBuildFile; fileRef = 5D0D660924AEE84200F2A487 /* LaunchScreen.storyboard */; };
		5D0D661724B2E40A00F2A487 /* ListView.swift in Sources */ = {isa = PBXBuildFile; fileRef = 5D0D661624B2E40A00F2A487 /* ListView.swift */; };
		5D0D661924B306F500F2A487 /* imageView.swift in Sources */ = {isa = PBXBuildFile; fileRef = 5D0D661824B306F500F2A487 /* imageView.swift */; };
		5D0D661D24B5A96C00F2A487 /* listTransitionView.swift in Sources */ = {isa = PBXBuildFile; fileRef = 5D0D661C24B5A96C00F2A487 /* listTransitionView.swift */; };
		5D0D662124B8095400F2A487 /* listReplacementView.swift in Sources */ = {isa = PBXBuildFile; fileRef = 5D0D662024B8095400F2A487 /* listReplacementView.swift */; };
		5D69FA0924C14B83005C16C7 /* listUserDefaultsView.swift in Sources */ = {isa = PBXBuildFile; fileRef = 5D69FA0824C14B83005C16C7 /* listUserDefaultsView.swift */; };
		5D69FA0F24C8171C005C16C7 /* BasicRowView.swift in Sources */ = {isa = PBXBuildFile; fileRef = 5D69FA0E24C8171B005C16C7 /* BasicRowView.swift */; };
		5D69FA1124C8173A005C16C7 /* BasicListView.swift in Sources */ = {isa = PBXBuildFile; fileRef = 5D69FA1024C8173A005C16C7 /* BasicListView.swift */; };
		5D69FA1424CE5F2A005C16C7 /* connpassRowView.swift in Sources */ = {isa = PBXBuildFile; fileRef = 5D69FA1324CE5F2A005C16C7 /* connpassRowView.swift */; };
		5D69FA1624CE6219005C16C7 /* connpassListView.swift in Sources */ = {isa = PBXBuildFile; fileRef = 5D69FA1524CE6219005C16C7 /* connpassListView.swift */; };
		5D69FA1824CE708D005C16C7 /* StudyGroupEventFetcher.swift in Sources */ = {isa = PBXBuildFile; fileRef = 5D69FA1724CE708D005C16C7 /* StudyGroupEventFetcher.swift */; };
		5D69FA1A24CE9125005C16C7 /* StudyGroup.swift in Sources */ = {isa = PBXBuildFile; fileRef = 5D69FA1924CE9125005C16C7 /* StudyGroup.swift */; };
		5D69FA1C24CE919F005C16C7 /* connpassEvent.swift in Sources */ = {isa = PBXBuildFile; fileRef = 5D69FA1B24CE919F005C16C7 /* connpassEvent.swift */; };
		5D69FA1E24CFDED4005C16C7 /* connpassWebView.swift in Sources */ = {isa = PBXBuildFile; fileRef = 5D69FA1D24CFDED3005C16C7 /* connpassWebView.swift */; };
		5DDFA70D254BCA0500FCF670 /* ObservableValues.swift in Sources */ = {isa = PBXBuildFile; fileRef = 5DDFA70C254BCA0500FCF670 /* ObservableValues.swift */; };
		5DDFA710254BCC0800FCF670 /* SliderIView.swift in Sources */ = {isa = PBXBuildFile; fileRef = 5DDFA70F254BCC0800FCF670 /* SliderIView.swift */; };
		5DDFA713254BCC3900FCF670 /* NumericsTextView.swift in Sources */ = {isa = PBXBuildFile; fileRef = 5DDFA712254BCC3900FCF670 /* NumericsTextView.swift */; };
/* End PBXBuildFile section */

/* Begin PBXFileReference section */
		5D0D65F824AEE83F00F2A487 /* swiftuiTest.app */ = {isa = PBXFileReference; explicitFileType = wrapper.application; includeInIndex = 0; path = swiftuiTest.app; sourceTree = BUILT_PRODUCTS_DIR; };
		5D0D65FB24AEE83F00F2A487 /* AppDelegate.swift */ = {isa = PBXFileReference; lastKnownFileType = sourcecode.swift; path = AppDelegate.swift; sourceTree = "<group>"; };
		5D0D65FD24AEE83F00F2A487 /* SceneDelegate.swift */ = {isa = PBXFileReference; lastKnownFileType = sourcecode.swift; path = SceneDelegate.swift; sourceTree = "<group>"; };
		5D0D660024AEE83F00F2A487 /* swiftuiTest.xcdatamodel */ = {isa = PBXFileReference; lastKnownFileType = wrapper.xcdatamodel; path = swiftuiTest.xcdatamodel; sourceTree = "<group>"; };
		5D0D660224AEE83F00F2A487 /* ContentView.swift */ = {isa = PBXFileReference; lastKnownFileType = sourcecode.swift; path = ContentView.swift; sourceTree = "<group>"; };
		5D0D660424AEE84200F2A487 /* Assets.xcassets */ = {isa = PBXFileReference; lastKnownFileType = folder.assetcatalog; path = Assets.xcassets; sourceTree = "<group>"; };
		5D0D660724AEE84200F2A487 /* Preview Assets.xcassets */ = {isa = PBXFileReference; lastKnownFileType = folder.assetcatalog; path = "Preview Assets.xcassets"; sourceTree = "<group>"; };
		5D0D660A24AEE84200F2A487 /* Base */ = {isa = PBXFileReference; lastKnownFileType = file.storyboard; name = Base; path = Base.lproj/LaunchScreen.storyboard; sourceTree = "<group>"; };
		5D0D660C24AEE84200F2A487 /* Info.plist */ = {isa = PBXFileReference; lastKnownFileType = text.plist.xml; path = Info.plist; sourceTree = "<group>"; };
		5D0D661624B2E40A00F2A487 /* ListView.swift */ = {isa = PBXFileReference; lastKnownFileType = sourcecode.swift; path = ListView.swift; sourceTree = "<group>"; };
		5D0D661824B306F500F2A487 /* imageView.swift */ = {isa = PBXFileReference; lastKnownFileType = sourcecode.swift; path = imageView.swift; sourceTree = "<group>"; };
		5D0D661C24B5A96C00F2A487 /* listTransitionView.swift */ = {isa = PBXFileReference; lastKnownFileType = sourcecode.swift; path = listTransitionView.swift; sourceTree = "<group>"; };
		5D0D662024B8095400F2A487 /* listReplacementView.swift */ = {isa = PBXFileReference; lastKnownFileType = sourcecode.swift; path = listReplacementView.swift; sourceTree = "<group>"; };
		5D69FA0824C14B83005C16C7 /* listUserDefaultsView.swift */ = {isa = PBXFileReference; lastKnownFileType = sourcecode.swift; path = listUserDefaultsView.swift; sourceTree = "<group>"; };
		5D69FA0E24C8171B005C16C7 /* BasicRowView.swift */ = {isa = PBXFileReference; lastKnownFileType = sourcecode.swift; path = BasicRowView.swift; sourceTree = "<group>"; };
		5D69FA1024C8173A005C16C7 /* BasicListView.swift */ = {isa = PBXFileReference; lastKnownFileType = sourcecode.swift; path = BasicListView.swift; sourceTree = "<group>"; };
		5D69FA1324CE5F2A005C16C7 /* connpassRowView.swift */ = {isa = PBXFileReference; lastKnownFileType = sourcecode.swift; path = connpassRowView.swift; sourceTree = "<group>"; };
		5D69FA1524CE6219005C16C7 /* connpassListView.swift */ = {isa = PBXFileReference; lastKnownFileType = sourcecode.swift; path = connpassListView.swift; sourceTree = "<group>"; };
		5D69FA1724CE708D005C16C7 /* StudyGroupEventFetcher.swift */ = {isa = PBXFileReference; lastKnownFileType = sourcecode.swift; path = StudyGroupEventFetcher.swift; sourceTree = "<group>"; };
		5D69FA1924CE9125005C16C7 /* StudyGroup.swift */ = {isa = PBXFileReference; lastKnownFileType = sourcecode.swift; path = StudyGroup.swift; sourceTree = "<group>"; };
		5D69FA1B24CE919F005C16C7 /* connpassEvent.swift */ = {isa = PBXFileReference; lastKnownFileType = sourcecode.swift; path = connpassEvent.swift; sourceTree = "<group>"; };
		5D69FA1D24CFDED3005C16C7 /* connpassWebView.swift */ = {isa = PBXFileReference; lastKnownFileType = sourcecode.swift; path = connpassWebView.swift; sourceTree = "<group>"; };
		5DDFA70C254BCA0500FCF670 /* ObservableValues.swift */ = {isa = PBXFileReference; lastKnownFileType = sourcecode.swift; path = ObservableValues.swift; sourceTree = "<group>"; };
		5DDFA70F254BCC0800FCF670 /* SliderIView.swift */ = {isa = PBXFileReference; lastKnownFileType = sourcecode.swift; path = SliderIView.swift; sourceTree = "<group>"; };
		5DDFA712254BCC3900FCF670 /* NumericsTextView.swift */ = {isa = PBXFileReference; lastKnownFileType = sourcecode.swift; path = NumericsTextView.swift; sourceTree = "<group>"; };
/* End PBXFileReference section */

/* Begin PBXFrameworksBuildPhase section */
		5D0D65F524AEE83F00F2A487 /* Frameworks */ = {
			isa = PBXFrameworksBuildPhase;
			buildActionMask = 2147483647;
			files = (
			);
			runOnlyForDeploymentPostprocessing = 0;
		};
/* End PBXFrameworksBuildPhase section */

/* Begin PBXGroup section */
		5D0D65EF24AEE83F00F2A487 = {
			isa = PBXGroup;
			children = (
				5D0D65FA24AEE83F00F2A487 /* swiftuiTest */,
				5D0D65F924AEE83F00F2A487 /* Products */,
			);
			sourceTree = "<group>";
		};
		5D0D65F924AEE83F00F2A487 /* Products */ = {
			isa = PBXGroup;
			children = (
				5D0D65F824AEE83F00F2A487 /* swiftuiTest.app */,
			);
			name = Products;
			sourceTree = "<group>";
		};
		5D0D65FA24AEE83F00F2A487 /* swiftuiTest */ = {
			isa = PBXGroup;
			children = (
				5D0D65FB24AEE83F00F2A487 /* AppDelegate.swift */,
				5D0D65FD24AEE83F00F2A487 /* SceneDelegate.swift */,
				5D0D660224AEE83F00F2A487 /* ContentView.swift */,
				5D0D661624B2E40A00F2A487 /* ListView.swift */,
				5D0D662024B8095400F2A487 /* listReplacementView.swift */,
				5D69FA0824C14B83005C16C7 /* listUserDefaultsView.swift */,
				5D0D661824B306F500F2A487 /* imageView.swift */,
				5D0D661C24B5A96C00F2A487 /* listTransitionView.swift */,
				5DDFA70A254BC28C00FCF670 /* EnvironmentObject */,
				5D69FA0D24C815CF005C16C7 /* BasicList */,
				5D69FA1224CE5EFE005C16C7 /* connpassList */,
				5D0D660424AEE84200F2A487 /* Assets.xcassets */,
				5D0D660924AEE84200F2A487 /* LaunchScreen.storyboard */,
				5D0D660C24AEE84200F2A487 /* Info.plist */,
				5D0D65FF24AEE83F00F2A487 /* swiftuiTest.xcdatamodeld */,
				5D0D660624AEE84200F2A487 /* Preview Content */,
			);
			path = swiftuiTest;
			sourceTree = "<group>";
		};
		5D0D660624AEE84200F2A487 /* Preview Content */ = {
			isa = PBXGroup;
			children = (
				5D0D660724AEE84200F2A487 /* Preview Assets.xcassets */,
			);
			path = "Preview Content";
			sourceTree = "<group>";
		};
		5D69FA0D24C815CF005C16C7 /* BasicList */ = {
			isa = PBXGroup;
			children = (
				5D69FA0E24C8171B005C16C7 /* BasicRowView.swift */,
				5D69FA1024C8173A005C16C7 /* BasicListView.swift */,
			);
			path = BasicList;
			sourceTree = "<group>";
		};
		5D69FA1224CE5EFE005C16C7 /* connpassList */ = {
			isa = PBXGroup;
			children = (
				5D69FA1324CE5F2A005C16C7 /* connpassRowView.swift */,
				5D69FA1524CE6219005C16C7 /* connpassListView.swift */,
				5D69FA1724CE708D005C16C7 /* StudyGroupEventFetcher.swift */,
				5D69FA1924CE9125005C16C7 /* StudyGroup.swift */,
				5D69FA1B24CE919F005C16C7 /* connpassEvent.swift */,
				5D69FA1D24CFDED3005C16C7 /* connpassWebView.swift */,
			);
			path = connpassList;
			sourceTree = "<group>";
		};
		5DDFA70A254BC28C00FCF670 /* EnvironmentObject */ = {
			isa = PBXGroup;
			children = (
				5DDFA70C254BCA0500FCF670 /* ObservableValues.swift */,
				5DDFA70F254BCC0800FCF670 /* SliderIView.swift */,
				5DDFA712254BCC3900FCF670 /* NumericsTextView.swift */,
			);
			path = EnvironmentObject;
			sourceTree = "<group>";
		};
/* End PBXGroup section */

/* Begin PBXNativeTarget section */
		5D0D65F724AEE83F00F2A487 /* swiftuiTest */ = {
			isa = PBXNativeTarget;
			buildConfigurationList = 5D0D660F24AEE84200F2A487 /* Build configuration list for PBXNativeTarget "swiftuiTest" */;
			buildPhases = (
				5D0D65F424AEE83F00F2A487 /* Sources */,
				5D0D65F524AEE83F00F2A487 /* Frameworks */,
				5D0D65F624AEE83F00F2A487 /* Resources */,
			);
			buildRules = (
			);
			dependencies = (
			);
			name = swiftuiTest;
			productName = swiftuiTest;
			productReference = 5D0D65F824AEE83F00F2A487 /* swiftuiTest.app */;
			productType = "com.apple.product-type.application";
		};
/* End PBXNativeTarget section */

/* Begin PBXProject section */
		5D0D65F024AEE83F00F2A487 /* Project object */ = {
			isa = PBXProject;
			attributes = {
				LastSwiftUpdateCheck = 1150;
				LastUpgradeCheck = 1210;
				ORGANIZATIONNAME = "滝浪翔太";
				TargetAttributes = {
					5D0D65F724AEE83F00F2A487 = {
						CreatedOnToolsVersion = 11.5;
					};
				};
			};
			buildConfigurationList = 5D0D65F324AEE83F00F2A487 /* Build configuration list for PBXProject "swiftuiTest" */;
			compatibilityVersion = "Xcode 9.3";
			developmentRegion = en;
			hasScannedForEncodings = 0;
			knownRegions = (
				en,
				Base,
			);
			mainGroup = 5D0D65EF24AEE83F00F2A487;
			productRefGroup = 5D0D65F924AEE83F00F2A487 /* Products */;
			projectDirPath = "";
			projectRoot = "";
			targets = (
				5D0D65F724AEE83F00F2A487 /* swiftuiTest */,
			);
		};
/* End PBXProject section */

/* Begin PBXResourcesBuildPhase section */
		5D0D65F624AEE83F00F2A487 /* Resources */ = {
			isa = PBXResourcesBuildPhase;
			buildActionMask = 2147483647;
			files = (
				5D0D660B24AEE84200F2A487 /* LaunchScreen.storyboard in Resources */,
				5D0D660824AEE84200F2A487 /* Preview Assets.xcassets in Resources */,
				5D0D660524AEE84200F2A487 /* Assets.xcassets in Resources */,
			);
			runOnlyForDeploymentPostprocessing = 0;
		};
/* End PBXResourcesBuildPhase section */

/* Begin PBXSourcesBuildPhase section */
		5D0D65F424AEE83F00F2A487 /* Sources */ = {
			isa = PBXSourcesBuildPhase;
			buildActionMask = 2147483647;
			files = (
				5D69FA1A24CE9125005C16C7 /* StudyGroup.swift in Sources */,
				5D69FA1424CE5F2A005C16C7 /* connpassRowView.swift in Sources */,
				5DDFA710254BCC0800FCF670 /* SliderIView.swift in Sources */,
				5D69FA1124C8173A005C16C7 /* BasicListView.swift in Sources */,
				5D0D65FC24AEE83F00F2A487 /* AppDelegate.swift in Sources */,
				5DDFA70D254BCA0500FCF670 /* ObservableValues.swift in Sources */,
				5D0D660124AEE83F00F2A487 /* swiftuiTest.xcdatamodeld in Sources */,
				5DDFA713254BCC3900FCF670 /* NumericsTextView.swift in Sources */,
				5D69FA1E24CFDED4005C16C7 /* connpassWebView.swift in Sources */,
				5D0D661724B2E40A00F2A487 /* ListView.swift in Sources */,
				5D0D662124B8095400F2A487 /* listReplacementView.swift in Sources */,
				5D0D661D24B5A96C00F2A487 /* listTransitionView.swift in Sources */,
				5D0D660324AEE83F00F2A487 /* ContentView.swift in Sources */,
				5D69FA1824CE708D005C16C7 /* StudyGroupEventFetcher.swift in Sources */,
				5D69FA0F24C8171C005C16C7 /* BasicRowView.swift in Sources */,
				5D69FA1624CE6219005C16C7 /* connpassListView.swift in Sources */,
				5D69FA1C24CE919F005C16C7 /* connpassEvent.swift in Sources */,
				5D0D661924B306F500F2A487 /* imageView.swift in Sources */,
				5D69FA0924C14B83005C16C7 /* listUserDefaultsView.swift in Sources */,
				5D0D65FE24AEE83F00F2A487 /* SceneDelegate.swift in Sources */,
			);
			runOnlyForDeploymentPostprocessing = 0;
		};
/* End PBXSourcesBuildPhase section */

/* Begin PBXVariantGroup section */
		5D0D660924AEE84200F2A487 /* LaunchScreen.storyboard */ = {
			isa = PBXVariantGroup;
			children = (
				5D0D660A24AEE84200F2A487 /* Base */,
			);
			name = LaunchScreen.storyboard;
			sourceTree = "<group>";
		};
/* End PBXVariantGroup section */

/* Begin XCBuildConfiguration section */
		5D0D660D24AEE84200F2A487 /* Debug */ = {
			isa = XCBuildConfiguration;
			buildSettings = {
				ALWAYS_SEARCH_USER_PATHS = NO;
				CLANG_ANALYZER_NONNULL = YES;
				CLANG_ANALYZER_NUMBER_OBJECT_CONVERSION = YES_AGGRESSIVE;
				CLANG_CXX_LANGUAGE_STANDARD = "gnu++14";
				CLANG_CXX_LIBRARY = "libc++";
				CLANG_ENABLE_MODULES = YES;
				CLANG_ENABLE_OBJC_ARC = YES;
				CLANG_ENABLE_OBJC_WEAK = YES;
				CLANG_WARN_BLOCK_CAPTURE_AUTORELEASING = YES;
				CLANG_WARN_BOOL_CONVERSION = YES;
				CLANG_WARN_COMMA = YES;
				CLANG_WARN_CONSTANT_CONVERSION = YES;
				CLANG_WARN_DEPRECATED_OBJC_IMPLEMENTATIONS = YES;
				CLANG_WARN_DIRECT_OBJC_ISA_USAGE = YES_ERROR;
				CLANG_WARN_DOCUMENTATION_COMMENTS = YES;
				CLANG_WARN_EMPTY_BODY = YES;
				CLANG_WARN_ENUM_CONVERSION = YES;
				CLANG_WARN_INFINITE_RECURSION = YES;
				CLANG_WARN_INT_CONVERSION = YES;
				CLANG_WARN_NON_LITERAL_NULL_CONVERSION = YES;
				CLANG_WARN_OBJC_IMPLICIT_RETAIN_SELF = YES;
				CLANG_WARN_OBJC_LITERAL_CONVERSION = YES;
				CLANG_WARN_OBJC_ROOT_CLASS = YES_ERROR;
				CLANG_WARN_QUOTED_INCLUDE_IN_FRAMEWORK_HEADER = YES;
				CLANG_WARN_RANGE_LOOP_ANALYSIS = YES;
				CLANG_WARN_STRICT_PROTOTYPES = YES;
				CLANG_WARN_SUSPICIOUS_MOVE = YES;
				CLANG_WARN_UNGUARDED_AVAILABILITY = YES_AGGRESSIVE;
				CLANG_WARN_UNREACHABLE_CODE = YES;
				CLANG_WARN__DUPLICATE_METHOD_MATCH = YES;
				COPY_PHASE_STRIP = NO;
				DEBUG_INFORMATION_FORMAT = dwarf;
				ENABLE_STRICT_OBJC_MSGSEND = YES;
				ENABLE_TESTABILITY = YES;
				GCC_C_LANGUAGE_STANDARD = gnu11;
				GCC_DYNAMIC_NO_PIC = NO;
				GCC_NO_COMMON_BLOCKS = YES;
				GCC_OPTIMIZATION_LEVEL = 0;
				GCC_PREPROCESSOR_DEFINITIONS = (
					"DEBUG=1",
					"$(inherited)",
				);
				GCC_WARN_64_TO_32_BIT_CONVERSION = YES;
				GCC_WARN_ABOUT_RETURN_TYPE = YES_ERROR;
				GCC_WARN_UNDECLARED_SELECTOR = YES;
				GCC_WARN_UNINITIALIZED_AUTOS = YES_AGGRESSIVE;
				GCC_WARN_UNUSED_FUNCTION = YES;
				GCC_WARN_UNUSED_VARIABLE = YES;
				IPHONEOS_DEPLOYMENT_TARGET = 13.5;
				MTL_ENABLE_DEBUG_INFO = INCLUDE_SOURCE;
				MTL_FAST_MATH = YES;
				ONLY_ACTIVE_ARCH = YES;
				SDKROOT = iphoneos;
				SWIFT_ACTIVE_COMPILATION_CONDITIONS = DEBUG;
				SWIFT_OPTIMIZATION_LEVEL = "-Onone";
			};
			name = Debug;
		};
		5D0D660E24AEE84200F2A487 /* Release */ = {
			isa = XCBuildConfiguration;
			buildSettings = {
				ALWAYS_SEARCH_USER_PATHS = NO;
				CLANG_ANALYZER_NONNULL = YES;
				CLANG_ANALYZER_NUMBER_OBJECT_CONVERSION = YES_AGGRESSIVE;
				CLANG_CXX_LANGUAGE_STANDARD = "gnu++14";
				CLANG_CXX_LIBRARY = "libc++";
				CLANG_ENABLE_MODULES = YES;
				CLANG_ENABLE_OBJC_ARC = YES;
				CLANG_ENABLE_OBJC_WEAK = YES;
				CLANG_WARN_BLOCK_CAPTURE_AUTORELEASING = YES;
				CLANG_WARN_BOOL_CONVERSION = YES;
				CLANG_WARN_COMMA = YES;
				CLANG_WARN_CONSTANT_CONVERSION = YES;
				CLANG_WARN_DEPRECATED_OBJC_IMPLEMENTATIONS = YES;
				CLANG_WARN_DIRECT_OBJC_ISA_USAGE = YES_ERROR;
				CLANG_WARN_DOCUMENTATION_COMMENTS = YES;
				CLANG_WARN_EMPTY_BODY = YES;
				CLANG_WARN_ENUM_CONVERSION = YES;
				CLANG_WARN_INFINITE_RECURSION = YES;
				CLANG_WARN_INT_CONVERSION = YES;
				CLANG_WARN_NON_LITERAL_NULL_CONVERSION = YES;
				CLANG_WARN_OBJC_IMPLICIT_RETAIN_SELF = YES;
				CLANG_WARN_OBJC_LITERAL_CONVERSION = YES;
				CLANG_WARN_OBJC_ROOT_CLASS = YES_ERROR;
				CLANG_WARN_QUOTED_INCLUDE_IN_FRAMEWORK_HEADER = YES;
				CLANG_WARN_RANGE_LOOP_ANALYSIS = YES;
				CLANG_WARN_STRICT_PROTOTYPES = YES;
				CLANG_WARN_SUSPICIOUS_MOVE = YES;
				CLANG_WARN_UNGUARDED_AVAILABILITY = YES_AGGRESSIVE;
				CLANG_WARN_UNREACHABLE_CODE = YES;
				CLANG_WARN__DUPLICATE_METHOD_MATCH = YES;
				COPY_PHASE_STRIP = NO;
				DEBUG_INFORMATION_FORMAT = "dwarf-with-dsym";
				ENABLE_NS_ASSERTIONS = NO;
				ENABLE_STRICT_OBJC_MSGSEND = YES;
				GCC_C_LANGUAGE_STANDARD = gnu11;
				GCC_NO_COMMON_BLOCKS = YES;
				GCC_WARN_64_TO_32_BIT_CONVERSION = YES;
				GCC_WARN_ABOUT_RETURN_TYPE = YES_ERROR;
				GCC_WARN_UNDECLARED_SELECTOR = YES;
				GCC_WARN_UNINITIALIZED_AUTOS = YES_AGGRESSIVE;
				GCC_WARN_UNUSED_FUNCTION = YES;
				GCC_WARN_UNUSED_VARIABLE = YES;
				IPHONEOS_DEPLOYMENT_TARGET = 13.5;
				MTL_ENABLE_DEBUG_INFO = NO;
				MTL_FAST_MATH = YES;
				SDKROOT = iphoneos;
				SWIFT_COMPILATION_MODE = wholemodule;
				SWIFT_OPTIMIZATION_LEVEL = "-O";
				VALIDATE_PRODUCT = YES;
			};
			name = Release;
		};
		5D0D661024AEE84200F2A487 /* Debug */ = {
			isa = XCBuildConfiguration;
			buildSettings = {
				ASSETCATALOG_COMPILER_APPICON_NAME = AppIcon;
				CODE_SIGN_STYLE = Automatic;
				DEVELOPMENT_ASSET_PATHS = "\"swiftuiTest/Preview Content\"";
				DEVELOPMENT_TEAM = 3BFQNC3WZZ;
				ENABLE_PREVIEWS = YES;
				INFOPLIST_FILE = swiftuiTest/Info.plist;
				LD_RUNPATH_SEARCH_PATHS = (
					"$(inherited)",
					"@executable_path/Frameworks",
				);
				PRODUCT_BUNDLE_IDENTIFIER = on.yotubarail.swiftuiTest;
				PRODUCT_NAME = "$(TARGET_NAME)";
				SWIFT_VERSION = 5.0;
				TARGETED_DEVICE_FAMILY = "1,2";
			};
			name = Debug;
		};
		5D0D661124AEE84200F2A487 /* Release */ = {
			isa = XCBuildConfiguration;
			buildSettings = {
				ASSETCATALOG_COMPILER_APPICON_NAME = AppIcon;
				CODE_SIGN_STYLE = Automatic;
				DEVELOPMENT_ASSET_PATHS = "\"swiftuiTest/Preview Content\"";
				DEVELOPMENT_TEAM = 3BFQNC3WZZ;
				ENABLE_PREVIEWS = YES;
				INFOPLIST_FILE = swiftuiTest/Info.plist;
				LD_RUNPATH_SEARCH_PATHS = (
					"$(inherited)",
					"@executable_path/Frameworks",
				);
				PRODUCT_BUNDLE_IDENTIFIER = on.yotubarail.swiftuiTest;
				PRODUCT_NAME = "$(TARGET_NAME)";
				SWIFT_VERSION = 5.0;
				TARGETED_DEVICE_FAMILY = "1,2";
			};
			name = Release;
		};
/* End XCBuildConfiguration section */

/* Begin XCConfigurationList section */
		5D0D65F324AEE83F00F2A487 /* Build configuration list for PBXProject "swiftuiTest" */ = {
			isa = XCConfigurationList;
			buildConfigurations = (
				5D0D660D24AEE84200F2A487 /* Debug */,
				5D0D660E24AEE84200F2A487 /* Release */,
			);
			defaultConfigurationIsVisible = 0;
			defaultConfigurationName = Release;
		};
		5D0D660F24AEE84200F2A487 /* Build configuration list for PBXNativeTarget "swiftuiTest" */ = {
			isa = XCConfigurationList;
			buildConfigurations = (
				5D0D661024AEE84200F2A487 /* Debug */,
				5D0D661124AEE84200F2A487 /* Release */,
			);
			defaultConfigurationIsVisible = 0;
			defaultConfigurationName = Release;
		};
/* End XCConfigurationList section */

/* Begin XCVersionGroup section */
		5D0D65FF24AEE83F00F2A487 /* swiftuiTest.xcdatamodeld */ = {
			isa = XCVersionGroup;
			children = (
				5D0D660024AEE83F00F2A487 /* swiftuiTest.xcdatamodel */,
			);
			currentVersion = 5D0D660024AEE83F00F2A487 /* swiftuiTest.xcdatamodel */;
			path = swiftuiTest.xcdatamodeld;
			sourceTree = "<group>";
			versionGroupType = wrapper.xcdatamodel;
		};
/* End XCVersionGroup section */
	};
	rootObject = 5D0D65F024AEE83F00F2A487 /* Project object */;
}
